
Microsoft Visual Studio Solution File, Format Version 12.00
# Visual Studio Version 16
VisualStudioVersion = 16.0.31729.503
MinimumVisualStudioVersion = 10.0.40219.1
Project("{FAE04EC0-301F-11D3-BF4B-00C04F79EFBC}") = "True or False", "True or False\True or False.csproj", "{31088F5C-3FB4-4D80-A283-C32BB5505D6B}"
EndProject
Global
	GlobalSection(SolutionConfigurationPlatforms) = preSolution
		Debug|Any CPU = Debug|Any CPU
		Release|Any CPU = Release|Any CPU
	EndGlobalSection
	GlobalSection(ProjectConfigurationPlatforms) = postSolution
		{31088F5C-3FB4-4D80-A283-C32BB5505D6B}.Debug|Any CPU.ActiveCfg = Debug|Any CPU
		{31088F5C-3FB4-4D80-A283-C32BB5505D6B}.Debug|Any CPU.Build.0 = Debug|Any CPU
		{31088F5C-3FB4-4D80-A283-C32BB5505D6B}.Release|Any CPU.ActiveCfg = Release|Any CPU
		{31088F5C-3FB4-4D80-A283-C32BB5505D6B}.Release|Any CPU.Build.0 = Release|Any CPU
	EndGlobalSection
	GlobalSection(SolutionProperties) = preSolution
		HideSolutionNode = FALSE
	EndGlobalSection
	GlobalSection(ExtensibilityGlobals) = postSolution
		SolutionGuid = {0E0FEE87-282C-4945-A841-7EC1AE587629}
	EndGlobalSection
EndGlobal
